
Microsoft Visual Studio Solution File, Format Version 12.00
# Visual Studio Version 16
VisualStudioVersion = 16.0.33927.289
MinimumVisualStudioVersion = 10.0.40219.1
Project("{2150E333-8FDC-42A3-9474-1A3956D46DE8}") = "Task0", "Task0", "{9FAA5493-F86F-4003-B5BF-9E6ADFC171EA}"
EndProject
Project("{FAE04EC0-301F-11D3-BF4B-00C04F79EFBC}") = "Tyuiu.ShtokerVN.Sprint0.Task0.V0", "Tyuiu.ShtokerVN.Sprint0.Task0.V0\Tyuiu.ShtokerVN.Sprint0.Task0.V0.csproj", "{A8ECD18D-BDA0-4920-8F11-5CED9C71B7F8}"
EndProject
Global
	GlobalSection(SolutionConfigurationPlatforms) = preSolution
		Debug|Any CPU = Debug|Any CPU
		Release|Any CPU = Release|Any CPU
	EndGlobalSection
	GlobalSection(ProjectConfigurationPlatforms) = postSolution
		{A8ECD18D-BDA0-4920-8F11-5CED9C71B7F8}.Debug|Any CPU.ActiveCfg = Debug|Any CPU
		{A8ECD18D-BDA0-4920-8F11-5CED9C71B7F8}.Debug|Any CPU.Build.0 = Debug|Any CPU
		{A8ECD18D-BDA0-4920-8F11-5CED9C71B7F8}.Release|Any CPU.ActiveCfg = Release|Any CPU
		{A8ECD18D-BDA0-4920-8F11-5CED9C71B7F8}.Release|Any CPU.Build.0 = Release|Any CPU
	EndGlobalSection
	GlobalSection(SolutionProperties) = preSolution
		HideSolutionNode = FALSE
	EndGlobalSection
	GlobalSection(NestedProjects) = preSolution
		{A8ECD18D-BDA0-4920-8F11-5CED9C71B7F8} = {9FAA5493-F86F-4003-B5BF-9E6ADFC171EA}
	EndGlobalSection
	GlobalSection(ExtensibilityGlobals) = postSolution
		SolutionGuid = {84F273F4-2B3B-4DE9-A562-12F0301D2648}
	EndGlobalSection
EndGlobal
