
Microsoft Visual Studio Solution File, Format Version 12.00
# Visual Studio Version 16
VisualStudioVersion = 16.0.33927.289
MinimumVisualStudioVersion = 10.0.40219.1
Project("{2150E333-8FDC-42A3-9474-1A3956D46DE8}") = "Task0", "Task0", "{9FAA5493-F86F-4003-B5BF-9E6ADFC171EA}"
EndProject
Project("{FAE04EC0-301F-11D3-BF4B-00C04F79EFBC}") = "Tyuiu.ShtokerVN.Sprint0.Task0.V0", "Tyuiu.ShtokerVN.Sprint0.Task0.V0\Tyuiu.ShtokerVN.Sprint0.Task0.V0.csproj", "{A8ECD18D-BDA0-4920-8F11-5CED9C71B7F8}"
EndProject
Project("{2150E333-8FDC-42A3-9474-1A3956D46DE8}") = "Task1", "Task1", "{252232D6-6F48-4A44-A544-4877733FB3DE}"
EndProject
Project("{FAE04EC0-301F-11D3-BF4B-00C04F79EFBC}") = "Tyuiu.ShtokerVN.Sprint0.Task1.V0", "Tyuiu.ShtokerVN.Sprint0.Task1.V0\Tyuiu.ShtokerVN.Sprint0.Task1.V0.csproj", "{FC7BB48B-8396-4EEA-8120-00CA900823D6}"
EndProject
Project("{2150E333-8FDC-42A3-9474-1A3956D46DE8}") = "Task2", "Task2", "{ED2D6C56-74AB-4628-B2D2-0544508FA47E}"
EndProject
Project("{FAE04EC0-301F-11D3-BF4B-00C04F79EFBC}") = "Tyuiu.ShtokerVN.Sprint0.Task2.V0", "Tyuiu.ShtokerVN.Sprint0.Task2.V0\Tyuiu.ShtokerVN.Sprint0.Task2.V0.csproj", "{7F9F62B8-FF42-41B6-8E7E-3718F0A46DD8}"
EndProject
Project("{FAE04EC0-301F-11D3-BF4B-00C04F79EFBC}") = "Tyuiu.ShtokerVN.Sprint0.Task2.V0.Lib", "Tyuiu.ShtokerVN.Sprint0.Task2.V0.Lib\Tyuiu.ShtokerVN.Sprint0.Task2.V0.Lib.csproj", "{28E11C61-B69E-4F3B-9F12-2B07AD9E92FF}"
EndProject
Project("{FAE04EC0-301F-11D3-BF4B-00C04F79EFBC}") = "Tyuiu.ShtokerVN.Sprint0.Task2.V0.Test", "Tyuiu.ShtokerVN.Sprint0.Task2.V0.Test\Tyuiu.ShtokerVN.Sprint0.Task2.V0.Test.csproj", "{B9F715F0-0F51-49B9-BE72-924CCC24E405}"
EndProject
Project("{2150E333-8FDC-42A3-9474-1A3956D46DE8}") = "Task3", "Task3", "{A1DD4CE9-C425-47F8-B515-C4D44900590C}"
EndProject
Project("{FAE04EC0-301F-11D3-BF4B-00C04F79EFBC}") = "Tyuiu.ShtokerVN.Sprint0.Task3.V0", "Tyuiu.ShtokerVN.Sprint0.Task3.V0\Tyuiu.ShtokerVN.Sprint0.Task3.V0.csproj", "{7C57B8F1-CFC7-4833-9344-7D3C95449071}"
EndProject
Project("{FAE04EC0-301F-11D3-BF4B-00C04F79EFBC}") = "Tyuiu.ShtokerVN.Sprint0.Task3.V0.Lib", "Tyuiu.ShtokerVN.Sprint0.Task3.V0.Lib\Tyuiu.ShtokerVN.Sprint0.Task3.V0.Lib.csproj", "{69FF180A-88D4-4B41-9D7B-D38958BE7D52}"
EndProject
Project("{FAE04EC0-301F-11D3-BF4B-00C04F79EFBC}") = "Tyuiu.ShtokerVN.Sprint0.Task3.V0.Test", "Tyuiu.ShtokerVN.Sprint0.Task3.V0.Test\Tyuiu.ShtokerVN.Sprint0.Task3.V0.Test.csproj", "{D4FF7F07-4C0E-4508-BDED-950FD4039D51}"
EndProject
Project("{2150E333-8FDC-42A3-9474-1A3956D46DE8}") = "Task4", "Task4", "{2A2D013D-4FA2-4603-BBA3-F78F140BE0F6}"
EndProject
Project("{FAE04EC0-301F-11D3-BF4B-00C04F79EFBC}") = "Tyuiu.ShtokerVN.Sprint0.Task4.V0", "Tyuiu.ShtokerVN.Sprint0.Task4.V0\Tyuiu.ShtokerVN.Sprint0.Task4.V0.csproj", "{004B414F-2615-43D1-ADCB-8D1AA2C0C3F8}"
EndProject
Project("{FAE04EC0-301F-11D3-BF4B-00C04F79EFBC}") = "Tyuiu.ShtokerVN.Sprint0.Task4.V0.Lib", "Tyuiu.ShtokerVN.Sprint0.Task4.V0.Lib\Tyuiu.ShtokerVN.Sprint0.Task4.V0.Lib.csproj", "{FE3E3C67-53C8-45F3-AFCA-2C11BFAEADE3}"
EndProject
Project("{FAE04EC0-301F-11D3-BF4B-00C04F79EFBC}") = "Tyuiu.ShtokerVN.Sprint0.Task4.V0.Test", "Tyuiu.ShtokerVN.Sprint0.Task4.V0.Test\Tyuiu.ShtokerVN.Sprint0.Task4.V0.Test.csproj", "{E69E3C67-6F05-4D22-A959-0A64F6624583}"
EndProject
Project("{2150E333-8FDC-42A3-9474-1A3956D46DE8}") = "Task5", "Task5", "{47D758EF-A6E9-4B96-AE5F-4E990ADD3BFA}"
EndProject
Project("{FAE04EC0-301F-11D3-BF4B-00C04F79EFBC}") = "Tyuiu.ShtokerVN.Sprint0.Task5.V0", "Tyuiu.ShtokerVN.Sprint0.Task5.V0\Tyuiu.ShtokerVN.Sprint0.Task5.V0.csproj", "{C8BB44C6-9712-4603-9CFB-A963FBF08986}"
EndProject
Project("{FAE04EC0-301F-11D3-BF4B-00C04F79EFBC}") = "Tyuiu.ShtokerVN.Sprint0.Task5.V0.Lib", "Tyuiu.ShtokerVN.Sprint0.Task5.V0.Lib\Tyuiu.ShtokerVN.Sprint0.Task5.V0.Lib.csproj", "{55360605-DD2E-43DE-BA3A-62688901736C}"
EndProject
Project("{FAE04EC0-301F-11D3-BF4B-00C04F79EFBC}") = "Tyuiu.ShtokerVN.Sprint0.Task5.V0.Test", "Tyuiu.ShtokerVN.Sprint0.Task5.V0.Test\Tyuiu.ShtokerVN.Sprint0.Task5.V0.Test.csproj", "{34EDAF53-967D-4523-A971-C66EDE02B2DB}"
EndProject
Global
	GlobalSection(SolutionConfigurationPlatforms) = preSolution
		Debug|Any CPU = Debug|Any CPU
		Release|Any CPU = Release|Any CPU
	EndGlobalSection
	GlobalSection(ProjectConfigurationPlatforms) = postSolution
		{A8ECD18D-BDA0-4920-8F11-5CED9C71B7F8}.Debug|Any CPU.ActiveCfg = Debug|Any CPU
		{A8ECD18D-BDA0-4920-8F11-5CED9C71B7F8}.Debug|Any CPU.Build.0 = Debug|Any CPU
		{A8ECD18D-BDA0-4920-8F11-5CED9C71B7F8}.Release|Any CPU.ActiveCfg = Release|Any CPU
		{A8ECD18D-BDA0-4920-8F11-5CED9C71B7F8}.Release|Any CPU.Build.0 = Release|Any CPU
		{FC7BB48B-8396-4EEA-8120-00CA900823D6}.Debug|Any CPU.ActiveCfg = Debug|Any CPU
		{FC7BB48B-8396-4EEA-8120-00CA900823D6}.Debug|Any CPU.Build.0 = Debug|Any CPU
		{FC7BB48B-8396-4EEA-8120-00CA900823D6}.Release|Any CPU.ActiveCfg = Release|Any CPU
		{FC7BB48B-8396-4EEA-8120-00CA900823D6}.Release|Any CPU.Build.0 = Release|Any CPU
		{7F9F62B8-FF42-41B6-8E7E-3718F0A46DD8}.Debug|Any CPU.ActiveCfg = Debug|Any CPU
		{7F9F62B8-FF42-41B6-8E7E-3718F0A46DD8}.Debug|Any CPU.Build.0 = Debug|Any CPU
		{7F9F62B8-FF42-41B6-8E7E-3718F0A46DD8}.Release|Any CPU.ActiveCfg = Release|Any CPU
		{7F9F62B8-FF42-41B6-8E7E-3718F0A46DD8}.Release|Any CPU.Build.0 = Release|Any CPU
		{28E11C61-B69E-4F3B-9F12-2B07AD9E92FF}.Debug|Any CPU.ActiveCfg = Debug|Any CPU
		{28E11C61-B69E-4F3B-9F12-2B07AD9E92FF}.Debug|Any CPU.Build.0 = Debug|Any CPU
		{28E11C61-B69E-4F3B-9F12-2B07AD9E92FF}.Release|Any CPU.ActiveCfg = Release|Any CPU
		{28E11C61-B69E-4F3B-9F12-2B07AD9E92FF}.Release|Any CPU.Build.0 = Release|Any CPU
		{B9F715F0-0F51-49B9-BE72-924CCC24E405}.Debug|Any CPU.ActiveCfg = Debug|Any CPU
		{B9F715F0-0F51-49B9-BE72-924CCC24E405}.Debug|Any CPU.Build.0 = Debug|Any CPU
		{B9F715F0-0F51-49B9-BE72-924CCC24E405}.Release|Any CPU.ActiveCfg = Release|Any CPU
		{B9F715F0-0F51-49B9-BE72-924CCC24E405}.Release|Any CPU.Build.0 = Release|Any CPU
		{7C57B8F1-CFC7-4833-9344-7D3C95449071}.Debug|Any CPU.ActiveCfg = Debug|Any CPU
		{7C57B8F1-CFC7-4833-9344-7D3C95449071}.Debug|Any CPU.Build.0 = Debug|Any CPU
		{7C57B8F1-CFC7-4833-9344-7D3C95449071}.Release|Any CPU.ActiveCfg = Release|Any CPU
		{7C57B8F1-CFC7-4833-9344-7D3C95449071}.Release|Any CPU.Build.0 = Release|Any CPU
		{69FF180A-88D4-4B41-9D7B-D38958BE7D52}.Debug|Any CPU.ActiveCfg = Debug|Any CPU
		{69FF180A-88D4-4B41-9D7B-D38958BE7D52}.Debug|Any CPU.Build.0 = Debug|Any CPU
		{69FF180A-88D4-4B41-9D7B-D38958BE7D52}.Release|Any CPU.ActiveCfg = Release|Any CPU
		{69FF180A-88D4-4B41-9D7B-D38958BE7D52}.Release|Any CPU.Build.0 = Release|Any CPU
		{D4FF7F07-4C0E-4508-BDED-950FD4039D51}.Debug|Any CPU.ActiveCfg = Debug|Any CPU
		{D4FF7F07-4C0E-4508-BDED-950FD4039D51}.Debug|Any CPU.Build.0 = Debug|Any CPU
		{D4FF7F07-4C0E-4508-BDED-950FD4039D51}.Release|Any CPU.ActiveCfg = Release|Any CPU
		{D4FF7F07-4C0E-4508-BDED-950FD4039D51}.Release|Any CPU.Build.0 = Release|Any CPU
		{004B414F-2615-43D1-ADCB-8D1AA2C0C3F8}.Debug|Any CPU.ActiveCfg = Debug|Any CPU
		{004B414F-2615-43D1-ADCB-8D1AA2C0C3F8}.Debug|Any CPU.Build.0 = Debug|Any CPU
		{004B414F-2615-43D1-ADCB-8D1AA2C0C3F8}.Release|Any CPU.ActiveCfg = Release|Any CPU
		{004B414F-2615-43D1-ADCB-8D1AA2C0C3F8}.Release|Any CPU.Build.0 = Release|Any CPU
		{FE3E3C67-53C8-45F3-AFCA-2C11BFAEADE3}.Debug|Any CPU.ActiveCfg = Debug|Any CPU
		{FE3E3C67-53C8-45F3-AFCA-2C11BFAEADE3}.Debug|Any CPU.Build.0 = Debug|Any CPU
		{FE3E3C67-53C8-45F3-AFCA-2C11BFAEADE3}.Release|Any CPU.ActiveCfg = Release|Any CPU
		{FE3E3C67-53C8-45F3-AFCA-2C11BFAEADE3}.Release|Any CPU.Build.0 = Release|Any CPU
		{E69E3C67-6F05-4D22-A959-0A64F6624583}.Debug|Any CPU.ActiveCfg = Debug|Any CPU
		{E69E3C67-6F05-4D22-A959-0A64F6624583}.Debug|Any CPU.Build.0 = Debug|Any CPU
		{E69E3C67-6F05-4D22-A959-0A64F6624583}.Release|Any CPU.ActiveCfg = Release|Any CPU
		{E69E3C67-6F05-4D22-A959-0A64F6624583}.Release|Any CPU.Build.0 = Release|Any CPU
		{C8BB44C6-9712-4603-9CFB-A963FBF08986}.Debug|Any CPU.ActiveCfg = Debug|Any CPU
		{C8BB44C6-9712-4603-9CFB-A963FBF08986}.Debug|Any CPU.Build.0 = Debug|Any CPU
		{C8BB44C6-9712-4603-9CFB-A963FBF08986}.Release|Any CPU.ActiveCfg = Release|Any CPU
		{C8BB44C6-9712-4603-9CFB-A963FBF08986}.Release|Any CPU.Build.0 = Release|Any CPU
		{55360605-DD2E-43DE-BA3A-62688901736C}.Debug|Any CPU.ActiveCfg = Debug|Any CPU
		{55360605-DD2E-43DE-BA3A-62688901736C}.Debug|Any CPU.Build.0 = Debug|Any CPU
		{55360605-DD2E-43DE-BA3A-62688901736C}.Release|Any CPU.ActiveCfg = Release|Any CPU
		{55360605-DD2E-43DE-BA3A-62688901736C}.Release|Any CPU.Build.0 = Release|Any CPU
		{34EDAF53-967D-4523-A971-C66EDE02B2DB}.Debug|Any CPU.ActiveCfg = Debug|Any CPU
		{34EDAF53-967D-4523-A971-C66EDE02B2DB}.Debug|Any CPU.Build.0 = Debug|Any CPU
		{34EDAF53-967D-4523-A971-C66EDE02B2DB}.Release|Any CPU.ActiveCfg = Release|Any CPU
		{34EDAF53-967D-4523-A971-C66EDE02B2DB}.Release|Any CPU.Build.0 = Release|Any CPU
	EndGlobalSection
	GlobalSection(SolutionProperties) = preSolution
		HideSolutionNode = FALSE
	EndGlobalSection
	GlobalSection(NestedProjects) = preSolution
		{A8ECD18D-BDA0-4920-8F11-5CED9C71B7F8} = {9FAA5493-F86F-4003-B5BF-9E6ADFC171EA}
		{FC7BB48B-8396-4EEA-8120-00CA900823D6} = {252232D6-6F48-4A44-A544-4877733FB3DE}
		{7F9F62B8-FF42-41B6-8E7E-3718F0A46DD8} = {ED2D6C56-74AB-4628-B2D2-0544508FA47E}
		{28E11C61-B69E-4F3B-9F12-2B07AD9E92FF} = {ED2D6C56-74AB-4628-B2D2-0544508FA47E}
		{B9F715F0-0F51-49B9-BE72-924CCC24E405} = {ED2D6C56-74AB-4628-B2D2-0544508FA47E}
		{7C57B8F1-CFC7-4833-9344-7D3C95449071} = {A1DD4CE9-C425-47F8-B515-C4D44900590C}
		{69FF180A-88D4-4B41-9D7B-D38958BE7D52} = {A1DD4CE9-C425-47F8-B515-C4D44900590C}
		{D4FF7F07-4C0E-4508-BDED-950FD4039D51} = {A1DD4CE9-C425-47F8-B515-C4D44900590C}
		{004B414F-2615-43D1-ADCB-8D1AA2C0C3F8} = {2A2D013D-4FA2-4603-BBA3-F78F140BE0F6}
		{FE3E3C67-53C8-45F3-AFCA-2C11BFAEADE3} = {2A2D013D-4FA2-4603-BBA3-F78F140BE0F6}
		{E69E3C67-6F05-4D22-A959-0A64F6624583} = {2A2D013D-4FA2-4603-BBA3-F78F140BE0F6}
		{C8BB44C6-9712-4603-9CFB-A963FBF08986} = {47D758EF-A6E9-4B96-AE5F-4E990ADD3BFA}
		{55360605-DD2E-43DE-BA3A-62688901736C} = {47D758EF-A6E9-4B96-AE5F-4E990ADD3BFA}
		{34EDAF53-967D-4523-A971-C66EDE02B2DB} = {47D758EF-A6E9-4B96-AE5F-4E990ADD3BFA}
	EndGlobalSection
	GlobalSection(ExtensibilityGlobals) = postSolution
		SolutionGuid = {84F273F4-2B3B-4DE9-A562-12F0301D2648}
	EndGlobalSection
EndGlobal
